
Microsoft Visual Studio Solution File, Format Version 12.00
# Visual Studio Version 16
VisualStudioVersion = 16.0.31911.196
MinimumVisualStudioVersion = 10.0.40219.1
Project("{9A19103F-16F7-4668-BE54-9A1E7A4F7556}") = "TravelExpertsData", "TravelExpertsData\TravelExpertsData.csproj", "{67201A9B-C521-403B-BA8E-3FDBE8D47C6E}"
EndProject
Project("{FAE04EC0-301F-11D3-BF4B-00C04F79EFBC}") = "MVC_TravelExperts", "MVC_TravelExperts\MVC_TravelExperts.csproj", "{72FB7D25-675A-4EDF-B99C-E4EBD8DDB3C0}"
EndProject
Global
	GlobalSection(SolutionConfigurationPlatforms) = preSolution
		Debug|Any CPU = Debug|Any CPU
		Release|Any CPU = Release|Any CPU
	EndGlobalSection
	GlobalSection(ProjectConfigurationPlatforms) = postSolution
		{67201A9B-C521-403B-BA8E-3FDBE8D47C6E}.Debug|Any CPU.ActiveCfg = Debug|Any CPU
		{67201A9B-C521-403B-BA8E-3FDBE8D47C6E}.Debug|Any CPU.Build.0 = Debug|Any CPU
		{67201A9B-C521-403B-BA8E-3FDBE8D47C6E}.Release|Any CPU.ActiveCfg = Release|Any CPU
		{67201A9B-C521-403B-BA8E-3FDBE8D47C6E}.Release|Any CPU.Build.0 = Release|Any CPU
		{72FB7D25-675A-4EDF-B99C-E4EBD8DDB3C0}.Debug|Any CPU.ActiveCfg = Debug|Any CPU
		{72FB7D25-675A-4EDF-B99C-E4EBD8DDB3C0}.Debug|Any CPU.Build.0 = Debug|Any CPU
		{72FB7D25-675A-4EDF-B99C-E4EBD8DDB3C0}.Release|Any CPU.ActiveCfg = Release|Any CPU
		{72FB7D25-675A-4EDF-B99C-E4EBD8DDB3C0}.Release|Any CPU.Build.0 = Release|Any CPU
	EndGlobalSection
	GlobalSection(SolutionProperties) = preSolution
		HideSolutionNode = FALSE
	EndGlobalSection
	GlobalSection(ExtensibilityGlobals) = postSolution
		SolutionGuid = {48A86998-985A-4BD0-B839-78A0CA945936}
	EndGlobalSection
EndGlobal
